
Microsoft Visual Studio Solution File, Format Version 12.00
# Visual Studio 15
VisualStudioVersion = 15.0.27703.2026
MinimumVisualStudioVersion = 10.0.40219.1
Project("{FAE04EC0-301F-11D3-BF4B-00C04F79EFBC}") = "nullable", "nullable\nullable.csproj", "{63F56EEB-BA71-4391-BF85-8B8A865785EE}"
EndProject
Global
	GlobalSection(SolutionConfigurationPlatforms) = preSolution
		Debug|Any CPU = Debug|Any CPU
		Release|Any CPU = Release|Any CPU
	EndGlobalSection
	GlobalSection(ProjectConfigurationPlatforms) = postSolution
		{63F56EEB-BA71-4391-BF85-8B8A865785EE}.Debug|Any CPU.ActiveCfg = Debug|Any CPU
		{63F56EEB-BA71-4391-BF85-8B8A865785EE}.Debug|Any CPU.Build.0 = Debug|Any CPU
		{63F56EEB-BA71-4391-BF85-8B8A865785EE}.Release|Any CPU.ActiveCfg = Release|Any CPU
		{63F56EEB-BA71-4391-BF85-8B8A865785EE}.Release|Any CPU.Build.0 = Release|Any CPU
	EndGlobalSection
	GlobalSection(SolutionProperties) = preSolution
		HideSolutionNode = FALSE
	EndGlobalSection
	GlobalSection(ExtensibilityGlobals) = postSolution
		SolutionGuid = {BF518EAD-B721-4361-BB87-E9DB758D067F}
	EndGlobalSection
EndGlobal
