
Microsoft Visual Studio Solution File, Format Version 12.00
# Visual Studio 15
VisualStudioVersion = 15.0.27703.2026
MinimumVisualStudioVersion = 10.0.40219.1
Project("{FAE04EC0-301F-11D3-BF4B-00C04F79EFBC}") = "if_statement1", "if_statement1\if_statement1.csproj", "{BC21949B-590E-4CCD-A4EF-6FC82585F75C}"
EndProject
Global
	GlobalSection(SolutionConfigurationPlatforms) = preSolution
		Debug|Any CPU = Debug|Any CPU
		Release|Any CPU = Release|Any CPU
	EndGlobalSection
	GlobalSection(ProjectConfigurationPlatforms) = postSolution
		{BC21949B-590E-4CCD-A4EF-6FC82585F75C}.Debug|Any CPU.ActiveCfg = Debug|Any CPU
		{BC21949B-590E-4CCD-A4EF-6FC82585F75C}.Debug|Any CPU.Build.0 = Debug|Any CPU
		{BC21949B-590E-4CCD-A4EF-6FC82585F75C}.Release|Any CPU.ActiveCfg = Release|Any CPU
		{BC21949B-590E-4CCD-A4EF-6FC82585F75C}.Release|Any CPU.Build.0 = Release|Any CPU
	EndGlobalSection
	GlobalSection(SolutionProperties) = preSolution
		HideSolutionNode = FALSE
	EndGlobalSection
	GlobalSection(ExtensibilityGlobals) = postSolution
		SolutionGuid = {0F74EB68-416F-4DE6-B898-60E27DC37AC9}
	EndGlobalSection
EndGlobal
