
Microsoft Visual Studio Solution File, Format Version 12.00
# Visual Studio 15
VisualStudioVersion = 15.0.27703.2026
MinimumVisualStudioVersion = 10.0.40219.1
Project("{FAE04EC0-301F-11D3-BF4B-00C04F79EFBC}") = "int_max_min", "int_max_min\int_max_min.csproj", "{79CFB349-0907-4C7D-99CA-6B83933E2982}"
EndProject
Global
	GlobalSection(SolutionConfigurationPlatforms) = preSolution
		Debug|Any CPU = Debug|Any CPU
		Release|Any CPU = Release|Any CPU
	EndGlobalSection
	GlobalSection(ProjectConfigurationPlatforms) = postSolution
		{79CFB349-0907-4C7D-99CA-6B83933E2982}.Debug|Any CPU.ActiveCfg = Debug|Any CPU
		{79CFB349-0907-4C7D-99CA-6B83933E2982}.Debug|Any CPU.Build.0 = Debug|Any CPU
		{79CFB349-0907-4C7D-99CA-6B83933E2982}.Release|Any CPU.ActiveCfg = Release|Any CPU
		{79CFB349-0907-4C7D-99CA-6B83933E2982}.Release|Any CPU.Build.0 = Release|Any CPU
	EndGlobalSection
	GlobalSection(SolutionProperties) = preSolution
		HideSolutionNode = FALSE
	EndGlobalSection
	GlobalSection(ExtensibilityGlobals) = postSolution
		SolutionGuid = {2077B945-ABDB-4056-B69F-9E1457D76F82}
	EndGlobalSection
EndGlobal
